// !$*UTF8*$!
{
	archiveVersion = 1;
	classes = {
	};
	objectVersion = 56;
	objects = {

/* Begin PBXBuildFile section */
		3F8795F74A2792359E8802E4 /* Pods_RxSwiftPracticeTests.framework in Frameworks */ = {isa = PBXBuildFile; fileRef = A380CDFC9D00548AE083F295 /* Pods_RxSwiftPracticeTests.framework */; };
		664E094A28F1993900C39AE8 /* AppDelegate.swift in Sources */ = {isa = PBXBuildFile; fileRef = 664E094928F1993900C39AE8 /* AppDelegate.swift */; };
		664E094C28F1993900C39AE8 /* SceneDelegate.swift in Sources */ = {isa = PBXBuildFile; fileRef = 664E094B28F1993900C39AE8 /* SceneDelegate.swift */; };
		664E094E28F1993900C39AE8 /* ViewController.swift in Sources */ = {isa = PBXBuildFile; fileRef = 664E094D28F1993900C39AE8 /* ViewController.swift */; };
		664E095128F1993900C39AE8 /* Main.storyboard in Resources */ = {isa = PBXBuildFile; fileRef = 664E094F28F1993900C39AE8 /* Main.storyboard */; };
		664E095328F1993A00C39AE8 /* Assets.xcassets in Resources */ = {isa = PBXBuildFile; fileRef = 664E095228F1993A00C39AE8 /* Assets.xcassets */; };
		664E095628F1993A00C39AE8 /* LaunchScreen.storyboard in Resources */ = {isa = PBXBuildFile; fileRef = 664E095428F1993A00C39AE8 /* LaunchScreen.storyboard */; };
		664E096128F1993A00C39AE8 /* RxSwiftPracticeTests.swift in Sources */ = {isa = PBXBuildFile; fileRef = 664E096028F1993A00C39AE8 /* RxSwiftPracticeTests.swift */; };
		664E096B28F1993A00C39AE8 /* RxSwiftPracticeUITests.swift in Sources */ = {isa = PBXBuildFile; fileRef = 664E096A28F1993A00C39AE8 /* RxSwiftPracticeUITests.swift */; };
		664E096D28F1993A00C39AE8 /* RxSwiftPracticeUITestsLaunchTests.swift in Sources */ = {isa = PBXBuildFile; fileRef = 664E096C28F1993A00C39AE8 /* RxSwiftPracticeUITestsLaunchTests.swift */; };
		AED140FC816290CF4CA7D240 /* Pods_RxSwiftPractice.framework in Frameworks */ = {isa = PBXBuildFile; fileRef = CD0D2DEA6B7173A5AD4BBD94 /* Pods_RxSwiftPractice.framework */; };
		C53C0EC31F43E3AD29622A25 /* Pods_RxSwiftPractice_RxSwiftPracticeUITests.framework in Frameworks */ = {isa = PBXBuildFile; fileRef = 6CA15B658263278C42BA8BE2 /* Pods_RxSwiftPractice_RxSwiftPracticeUITests.framework */; };
/* End PBXBuildFile section */

/* Begin PBXContainerItemProxy section */
		664E095D28F1993A00C39AE8 /* PBXContainerItemProxy */ = {
			isa = PBXContainerItemProxy;
			containerPortal = 664E093E28F1993900C39AE8 /* Project object */;
			proxyType = 1;
			remoteGlobalIDString = 664E094528F1993900C39AE8;
			remoteInfo = RxSwiftPractice;
		};
		664E096728F1993A00C39AE8 /* PBXContainerItemProxy */ = {
			isa = PBXContainerItemProxy;
			containerPortal = 664E093E28F1993900C39AE8 /* Project object */;
			proxyType = 1;
			remoteGlobalIDString = 664E094528F1993900C39AE8;
			remoteInfo = RxSwiftPractice;
		};
/* End PBXContainerItemProxy section */

/* Begin PBXFileReference section */
		51F1D834F1F1748AF077D199 /* Pods-RxSwiftPractice.debug.xcconfig */ = {isa = PBXFileReference; includeInIndex = 1; lastKnownFileType = text.xcconfig; name = "Pods-RxSwiftPractice.debug.xcconfig"; path = "Target Support Files/Pods-RxSwiftPractice/Pods-RxSwiftPractice.debug.xcconfig"; sourceTree = "<group>"; };
		660BC10A28F199AA00B8924B /* Observable.playground */ = {isa = PBXFileReference; lastKnownFileType = file.playground; path = Observable.playground; sourceTree = "<group>"; xcLanguageSpecificationIdentifier = xcode.lang.swift; };
		660BC10B28F1ED2E00B8924B /* Traits.playground */ = {isa = PBXFileReference; lastKnownFileType = file.playground; path = Traits.playground; sourceTree = "<group>"; xcLanguageSpecificationIdentifier = xcode.lang.swift; };
		660BC10C28F1F5AF00B8924B /* Subject.playground */ = {isa = PBXFileReference; lastKnownFileType = file.playground; path = Subject.playground; sourceTree = "<group>"; xcLanguageSpecificationIdentifier = xcode.lang.swift; };
		660BC10D28F1FAA300B8924B /* FilteringOperator.playground */ = {isa = PBXFileReference; lastKnownFileType = file.playground; path = FilteringOperator.playground; sourceTree = "<group>"; xcLanguageSpecificationIdentifier = xcode.lang.swift; };
		660BC10E28F340C700B8924B /* TransformingOperators.playground */ = {isa = PBXFileReference; lastKnownFileType = file.playground; path = TransformingOperators.playground; sourceTree = "<group>"; xcLanguageSpecificationIdentifier = xcode.lang.swift; };
		664E094628F1993900C39AE8 /* RxSwiftPractice.app */ = {isa = PBXFileReference; explicitFileType = wrapper.application; includeInIndex = 0; path = RxSwiftPractice.app; sourceTree = BUILT_PRODUCTS_DIR; };
		664E094928F1993900C39AE8 /* AppDelegate.swift */ = {isa = PBXFileReference; lastKnownFileType = sourcecode.swift; path = AppDelegate.swift; sourceTree = "<group>"; };
		664E094B28F1993900C39AE8 /* SceneDelegate.swift */ = {isa = PBXFileReference; lastKnownFileType = sourcecode.swift; path = SceneDelegate.swift; sourceTree = "<group>"; };
		664E094D28F1993900C39AE8 /* ViewController.swift */ = {isa = PBXFileReference; lastKnownFileType = sourcecode.swift; path = ViewController.swift; sourceTree = "<group>"; };
		664E095028F1993900C39AE8 /* Base */ = {isa = PBXFileReference; lastKnownFileType = file.storyboard; name = Base; path = Base.lproj/Main.storyboard; sourceTree = "<group>"; };
		664E095228F1993A00C39AE8 /* Assets.xcassets */ = {isa = PBXFileReference; lastKnownFileType = folder.assetcatalog; path = Assets.xcassets; sourceTree = "<group>"; };
		664E095528F1993A00C39AE8 /* Base */ = {isa = PBXFileReference; lastKnownFileType = file.storyboard; name = Base; path = Base.lproj/LaunchScreen.storyboard; sourceTree = "<group>"; };
		664E095728F1993A00C39AE8 /* Info.plist */ = {isa = PBXFileReference; lastKnownFileType = text.plist.xml; path = Info.plist; sourceTree = "<group>"; };
		664E095C28F1993A00C39AE8 /* RxSwiftPracticeTests.xctest */ = {isa = PBXFileReference; explicitFileType = wrapper.cfbundle; includeInIndex = 0; path = RxSwiftPracticeTests.xctest; sourceTree = BUILT_PRODUCTS_DIR; };
		664E096028F1993A00C39AE8 /* RxSwiftPracticeTests.swift */ = {isa = PBXFileReference; lastKnownFileType = sourcecode.swift; path = RxSwiftPracticeTests.swift; sourceTree = "<group>"; };
		664E096628F1993A00C39AE8 /* RxSwiftPracticeUITests.xctest */ = {isa = PBXFileReference; explicitFileType = wrapper.cfbundle; includeInIndex = 0; path = RxSwiftPracticeUITests.xctest; sourceTree = BUILT_PRODUCTS_DIR; };
		664E096A28F1993A00C39AE8 /* RxSwiftPracticeUITests.swift */ = {isa = PBXFileReference; lastKnownFileType = sourcecode.swift; path = RxSwiftPracticeUITests.swift; sourceTree = "<group>"; };
		664E096C28F1993A00C39AE8 /* RxSwiftPracticeUITestsLaunchTests.swift */ = {isa = PBXFileReference; lastKnownFileType = sourcecode.swift; path = RxSwiftPracticeUITestsLaunchTests.swift; sourceTree = "<group>"; };
		66BCD6CB28F486D900A0A929 /* CombiningOperators.playground */ = {isa = PBXFileReference; lastKnownFileType = file.playground; path = CombiningOperators.playground; sourceTree = "<group>"; xcLanguageSpecificationIdentifier = xcode.lang.swift; };
		66F88F4FC4CE31F148C07AD4 /* Pods-RxSwiftPracticeTests.debug.xcconfig */ = {isa = PBXFileReference; includeInIndex = 1; lastKnownFileType = text.xcconfig; name = "Pods-RxSwiftPracticeTests.debug.xcconfig"; path = "Target Support Files/Pods-RxSwiftPracticeTests/Pods-RxSwiftPracticeTests.debug.xcconfig"; sourceTree = "<group>"; };
		6CA15B658263278C42BA8BE2 /* Pods_RxSwiftPractice_RxSwiftPracticeUITests.framework */ = {isa = PBXFileReference; explicitFileType = wrapper.framework; includeInIndex = 0; path = Pods_RxSwiftPractice_RxSwiftPracticeUITests.framework; sourceTree = BUILT_PRODUCTS_DIR; };
		A380CDFC9D00548AE083F295 /* Pods_RxSwiftPracticeTests.framework */ = {isa = PBXFileReference; explicitFileType = wrapper.framework; includeInIndex = 0; path = Pods_RxSwiftPracticeTests.framework; sourceTree = BUILT_PRODUCTS_DIR; };
		A43E26B8B639DF583A1CE642 /* Pods-RxSwiftPracticeTests.release.xcconfig */ = {isa = PBXFileReference; includeInIndex = 1; lastKnownFileType = text.xcconfig; name = "Pods-RxSwiftPracticeTests.release.xcconfig"; path = "Target Support Files/Pods-RxSwiftPracticeTests/Pods-RxSwiftPracticeTests.release.xcconfig"; sourceTree = "<group>"; };
		CD0D2DEA6B7173A5AD4BBD94 /* Pods_RxSwiftPractice.framework */ = {isa = PBXFileReference; explicitFileType = wrapper.framework; includeInIndex = 0; path = Pods_RxSwiftPractice.framework; sourceTree = BUILT_PRODUCTS_DIR; };
		E7C4D15D5B45348CED3C0B01 /* Pods-RxSwiftPractice.release.xcconfig */ = {isa = PBXFileReference; includeInIndex = 1; lastKnownFileType = text.xcconfig; name = "Pods-RxSwiftPractice.release.xcconfig"; path = "Target Support Files/Pods-RxSwiftPractice/Pods-RxSwiftPractice.release.xcconfig"; sourceTree = "<group>"; };
		EE91496CBCD993FFA32DC081 /* Pods-RxSwiftPractice-RxSwiftPracticeUITests.release.xcconfig */ = {isa = PBXFileReference; includeInIndex = 1; lastKnownFileType = text.xcconfig; name = "Pods-RxSwiftPractice-RxSwiftPracticeUITests.release.xcconfig"; path = "Target Support Files/Pods-RxSwiftPractice-RxSwiftPracticeUITests/Pods-RxSwiftPractice-RxSwiftPracticeUITests.release.xcconfig"; sourceTree = "<group>"; };
		F1EA1B3B06CE0A6BB1548AD2 /* Pods-RxSwiftPractice-RxSwiftPracticeUITests.debug.xcconfig */ = {isa = PBXFileReference; includeInIndex = 1; lastKnownFileType = text.xcconfig; name = "Pods-RxSwiftPractice-RxSwiftPracticeUITests.debug.xcconfig"; path = "Target Support Files/Pods-RxSwiftPractice-RxSwiftPracticeUITests/Pods-RxSwiftPractice-RxSwiftPracticeUITests.debug.xcconfig"; sourceTree = "<group>"; };
/* End PBXFileReference section */

/* Begin PBXFrameworksBuildPhase section */
		664E094328F1993900C39AE8 /* Frameworks */ = {
			isa = PBXFrameworksBuildPhase;
			buildActionMask = 2147483647;
			files = (
				AED140FC816290CF4CA7D240 /* Pods_RxSwiftPractice.framework in Frameworks */,
			);
			runOnlyForDeploymentPostprocessing = 0;
		};
		664E095928F1993A00C39AE8 /* Frameworks */ = {
			isa = PBXFrameworksBuildPhase;
			buildActionMask = 2147483647;
			files = (
				3F8795F74A2792359E8802E4 /* Pods_RxSwiftPracticeTests.framework in Frameworks */,
			);
			runOnlyForDeploymentPostprocessing = 0;
		};
		664E096328F1993A00C39AE8 /* Frameworks */ = {
			isa = PBXFrameworksBuildPhase;
			buildActionMask = 2147483647;
			files = (
				C53C0EC31F43E3AD29622A25 /* Pods_RxSwiftPractice_RxSwiftPracticeUITests.framework in Frameworks */,
			);
			runOnlyForDeploymentPostprocessing = 0;
		};
/* End PBXFrameworksBuildPhase section */

/* Begin PBXGroup section */
		55BCD8326FDE3A21CEF2D1C7 /* Pods */ = {
			isa = PBXGroup;
			children = (
				51F1D834F1F1748AF077D199 /* Pods-RxSwiftPractice.debug.xcconfig */,
				E7C4D15D5B45348CED3C0B01 /* Pods-RxSwiftPractice.release.xcconfig */,
				F1EA1B3B06CE0A6BB1548AD2 /* Pods-RxSwiftPractice-RxSwiftPracticeUITests.debug.xcconfig */,
				EE91496CBCD993FFA32DC081 /* Pods-RxSwiftPractice-RxSwiftPracticeUITests.release.xcconfig */,
				66F88F4FC4CE31F148C07AD4 /* Pods-RxSwiftPracticeTests.debug.xcconfig */,
				A43E26B8B639DF583A1CE642 /* Pods-RxSwiftPracticeTests.release.xcconfig */,
			);
			path = Pods;
			sourceTree = "<group>";
		};
		664E093D28F1993900C39AE8 = {
			isa = PBXGroup;
			children = (
				660BC10A28F199AA00B8924B /* Observable.playground */,
				660BC10B28F1ED2E00B8924B /* Traits.playground */,
				660BC10C28F1F5AF00B8924B /* Subject.playground */,
				660BC10D28F1FAA300B8924B /* FilteringOperator.playground */,
				660BC10E28F340C700B8924B /* TransformingOperators.playground */,
				66BCD6CB28F486D900A0A929 /* CombiningOperators.playground */,
				664E094828F1993900C39AE8 /* RxSwiftPractice */,
				664E095F28F1993A00C39AE8 /* RxSwiftPracticeTests */,
				664E096928F1993A00C39AE8 /* RxSwiftPracticeUITests */,
				664E094728F1993900C39AE8 /* Products */,
				55BCD8326FDE3A21CEF2D1C7 /* Pods */,
				6C8BDCE0A9C923514DD86542 /* Frameworks */,
			);
			sourceTree = "<group>";
		};
		664E094728F1993900C39AE8 /* Products */ = {
			isa = PBXGroup;
			children = (
				664E094628F1993900C39AE8 /* RxSwiftPractice.app */,
				664E095C28F1993A00C39AE8 /* RxSwiftPracticeTests.xctest */,
				664E096628F1993A00C39AE8 /* RxSwiftPracticeUITests.xctest */,
			);
			name = Products;
			sourceTree = "<group>";
		};
		664E094828F1993900C39AE8 /* RxSwiftPractice */ = {
			isa = PBXGroup;
			children = (
				664E094928F1993900C39AE8 /* AppDelegate.swift */,
				664E094B28F1993900C39AE8 /* SceneDelegate.swift */,
				664E094D28F1993900C39AE8 /* ViewController.swift */,
				664E094F28F1993900C39AE8 /* Main.storyboard */,
				664E095228F1993A00C39AE8 /* Assets.xcassets */,
				664E095428F1993A00C39AE8 /* LaunchScreen.storyboard */,
				664E095728F1993A00C39AE8 /* Info.plist */,
			);
			path = RxSwiftPractice;
			sourceTree = "<group>";
		};
		664E095F28F1993A00C39AE8 /* RxSwiftPracticeTests */ = {
			isa = PBXGroup;
			children = (
				664E096028F1993A00C39AE8 /* RxSwiftPracticeTests.swift */,
			);
			path = RxSwiftPracticeTests;
			sourceTree = "<group>";
		};
		664E096928F1993A00C39AE8 /* RxSwiftPracticeUITests */ = {
			isa = PBXGroup;
			children = (
				664E096A28F1993A00C39AE8 /* RxSwiftPracticeUITests.swift */,
				664E096C28F1993A00C39AE8 /* RxSwiftPracticeUITestsLaunchTests.swift */,
			);
			path = RxSwiftPracticeUITests;
			sourceTree = "<group>";
		};
		6C8BDCE0A9C923514DD86542 /* Frameworks */ = {
			isa = PBXGroup;
			children = (
				CD0D2DEA6B7173A5AD4BBD94 /* Pods_RxSwiftPractice.framework */,
				6CA15B658263278C42BA8BE2 /* Pods_RxSwiftPractice_RxSwiftPracticeUITests.framework */,
				A380CDFC9D00548AE083F295 /* Pods_RxSwiftPracticeTests.framework */,
			);
			name = Frameworks;
			sourceTree = "<group>";
		};
/* End PBXGroup section */

/* Begin PBXNativeTarget section */
		664E094528F1993900C39AE8 /* RxSwiftPractice */ = {
			isa = PBXNativeTarget;
			buildConfigurationList = 664E097028F1993A00C39AE8 /* Build configuration list for PBXNativeTarget "RxSwiftPractice" */;
			buildPhases = (
				05898C04DBD6698BDBC7F55D /* [CP] Check Pods Manifest.lock */,
				664E094228F1993900C39AE8 /* Sources */,
				664E094328F1993900C39AE8 /* Frameworks */,
				664E094428F1993900C39AE8 /* Resources */,
				B0E0FB0C109945A2D76D5CF2 /* [CP] Embed Pods Frameworks */,
			);
			buildRules = (
			);
			dependencies = (
			);
			name = RxSwiftPractice;
			productName = RxSwiftPractice;
			productReference = 664E094628F1993900C39AE8 /* RxSwiftPractice.app */;
			productType = "com.apple.product-type.application";
		};
		664E095B28F1993A00C39AE8 /* RxSwiftPracticeTests */ = {
			isa = PBXNativeTarget;
			buildConfigurationList = 664E097328F1993A00C39AE8 /* Build configuration list for PBXNativeTarget "RxSwiftPracticeTests" */;
			buildPhases = (
				8B23F90D4FAF2C1FFE7FFCF2 /* [CP] Check Pods Manifest.lock */,
				664E095828F1993A00C39AE8 /* Sources */,
				664E095928F1993A00C39AE8 /* Frameworks */,
				664E095A28F1993A00C39AE8 /* Resources */,
			);
			buildRules = (
			);
			dependencies = (
				664E095E28F1993A00C39AE8 /* PBXTargetDependency */,
			);
			name = RxSwiftPracticeTests;
			productName = RxSwiftPracticeTests;
			productReference = 664E095C28F1993A00C39AE8 /* RxSwiftPracticeTests.xctest */;
			productType = "com.apple.product-type.bundle.unit-test";
		};
		664E096528F1993A00C39AE8 /* RxSwiftPracticeUITests */ = {
			isa = PBXNativeTarget;
			buildConfigurationList = 664E097628F1993A00C39AE8 /* Build configuration list for PBXNativeTarget "RxSwiftPracticeUITests" */;
			buildPhases = (
				A774C90D7E8716DA5037F810 /* [CP] Check Pods Manifest.lock */,
				664E096228F1993A00C39AE8 /* Sources */,
				664E096328F1993A00C39AE8 /* Frameworks */,
				664E096428F1993A00C39AE8 /* Resources */,
				F8663538BDDE3A0DB294DB22 /* [CP] Embed Pods Frameworks */,
			);
			buildRules = (
			);
			dependencies = (
				664E096828F1993A00C39AE8 /* PBXTargetDependency */,
			);
			name = RxSwiftPracticeUITests;
			productName = RxSwiftPracticeUITests;
			productReference = 664E096628F1993A00C39AE8 /* RxSwiftPracticeUITests.xctest */;
			productType = "com.apple.product-type.bundle.ui-testing";
		};
/* End PBXNativeTarget section */

/* Begin PBXProject section */
		664E093E28F1993900C39AE8 /* Project object */ = {
			isa = PBXProject;
			attributes = {
				BuildIndependentTargetsInParallel = 1;
				LastSwiftUpdateCheck = 1400;
				LastUpgradeCheck = 1400;
				TargetAttributes = {
					664E094528F1993900C39AE8 = {
						CreatedOnToolsVersion = 14.0.1;
					};
					664E095B28F1993A00C39AE8 = {
						CreatedOnToolsVersion = 14.0.1;
						TestTargetID = 664E094528F1993900C39AE8;
					};
					664E096528F1993A00C39AE8 = {
						CreatedOnToolsVersion = 14.0.1;
						TestTargetID = 664E094528F1993900C39AE8;
					};
				};
			};
			buildConfigurationList = 664E094128F1993900C39AE8 /* Build configuration list for PBXProject "RxSwiftPractice" */;
			compatibilityVersion = "Xcode 14.0";
			developmentRegion = en;
			hasScannedForEncodings = 0;
			knownRegions = (
				en,
				Base,
			);
			mainGroup = 664E093D28F1993900C39AE8;
			productRefGroup = 664E094728F1993900C39AE8 /* Products */;
			projectDirPath = "";
			projectRoot = "";
			targets = (
				664E094528F1993900C39AE8 /* RxSwiftPractice */,
				664E095B28F1993A00C39AE8 /* RxSwiftPracticeTests */,
				664E096528F1993A00C39AE8 /* RxSwiftPracticeUITests */,
			);
		};
/* End PBXProject section */

/* Begin PBXResourcesBuildPhase section */
		664E094428F1993900C39AE8 /* Resources */ = {
			isa = PBXResourcesBuildPhase;
			buildActionMask = 2147483647;
			files = (
				664E095628F1993A00C39AE8 /* LaunchScreen.storyboard in Resources */,
				664E095328F1993A00C39AE8 /* Assets.xcassets in Resources */,
				664E095128F1993900C39AE8 /* Main.storyboard in Resources */,
			);
			runOnlyForDeploymentPostprocessing = 0;
		};
		664E095A28F1993A00C39AE8 /* Resources */ = {
			isa = PBXResourcesBuildPhase;
			buildActionMask = 2147483647;
			files = (
			);
			runOnlyForDeploymentPostprocessing = 0;
		};
		664E096428F1993A00C39AE8 /* Resources */ = {
			isa = PBXResourcesBuildPhase;
			buildActionMask = 2147483647;
			files = (
			);
			runOnlyForDeploymentPostprocessing = 0;
		};
/* End PBXResourcesBuildPhase section */

/* Begin PBXShellScriptBuildPhase section */
		05898C04DBD6698BDBC7F55D /* [CP] Check Pods Manifest.lock */ = {
			isa = PBXShellScriptBuildPhase;
			buildActionMask = 2147483647;
			files = (
			);
			inputFileListPaths = (
			);
			inputPaths = (
				"${PODS_PODFILE_DIR_PATH}/Podfile.lock",
				"${PODS_ROOT}/Manifest.lock",
			);
			name = "[CP] Check Pods Manifest.lock";
			outputFileListPaths = (
			);
			outputPaths = (
				"$(DERIVED_FILE_DIR)/Pods-RxSwiftPractice-checkManifestLockResult.txt",
			);
			runOnlyForDeploymentPostprocessing = 0;
			shellPath = /bin/sh;
			shellScript = "diff \"${PODS_PODFILE_DIR_PATH}/Podfile.lock\" \"${PODS_ROOT}/Manifest.lock\" > /dev/null\nif [ $? != 0 ] ; then\n    # print error to STDERR\n    echo \"error: The sandbox is not in sync with the Podfile.lock. Run 'pod install' or update your CocoaPods installation.\" >&2\n    exit 1\nfi\n# This output is used by Xcode 'outputs' to avoid re-running this script phase.\necho \"SUCCESS\" > \"${SCRIPT_OUTPUT_FILE_0}\"\n";
			showEnvVarsInLog = 0;
		};
		8B23F90D4FAF2C1FFE7FFCF2 /* [CP] Check Pods Manifest.lock */ = {
			isa = PBXShellScriptBuildPhase;
			buildActionMask = 2147483647;
			files = (
			);
			inputFileListPaths = (
			);
			inputPaths = (
				"${PODS_PODFILE_DIR_PATH}/Podfile.lock",
				"${PODS_ROOT}/Manifest.lock",
			);
			name = "[CP] Check Pods Manifest.lock";
			outputFileListPaths = (
			);
			outputPaths = (
				"$(DERIVED_FILE_DIR)/Pods-RxSwiftPracticeTests-checkManifestLockResult.txt",
			);
			runOnlyForDeploymentPostprocessing = 0;
			shellPath = /bin/sh;
			shellScript = "diff \"${PODS_PODFILE_DIR_PATH}/Podfile.lock\" \"${PODS_ROOT}/Manifest.lock\" > /dev/null\nif [ $? != 0 ] ; then\n    # print error to STDERR\n    echo \"error: The sandbox is not in sync with the Podfile.lock. Run 'pod install' or update your CocoaPods installation.\" >&2\n    exit 1\nfi\n# This output is used by Xcode 'outputs' to avoid re-running this script phase.\necho \"SUCCESS\" > \"${SCRIPT_OUTPUT_FILE_0}\"\n";
			showEnvVarsInLog = 0;
		};
		A774C90D7E8716DA5037F810 /* [CP] Check Pods Manifest.lock */ = {
			isa = PBXShellScriptBuildPhase;
			buildActionMask = 2147483647;
			files = (
			);
			inputFileListPaths = (
			);
			inputPaths = (
				"${PODS_PODFILE_DIR_PATH}/Podfile.lock",
				"${PODS_ROOT}/Manifest.lock",
			);
			name = "[CP] Check Pods Manifest.lock";
			outputFileListPaths = (
			);
			outputPaths = (
				"$(DERIVED_FILE_DIR)/Pods-RxSwiftPractice-RxSwiftPracticeUITests-checkManifestLockResult.txt",
			);
			runOnlyForDeploymentPostprocessing = 0;
			shellPath = /bin/sh;
			shellScript = "diff \"${PODS_PODFILE_DIR_PATH}/Podfile.lock\" \"${PODS_ROOT}/Manifest.lock\" > /dev/null\nif [ $? != 0 ] ; then\n    # print error to STDERR\n    echo \"error: The sandbox is not in sync with the Podfile.lock. Run 'pod install' or update your CocoaPods installation.\" >&2\n    exit 1\nfi\n# This output is used by Xcode 'outputs' to avoid re-running this script phase.\necho \"SUCCESS\" > \"${SCRIPT_OUTPUT_FILE_0}\"\n";
			showEnvVarsInLog = 0;
		};
		B0E0FB0C109945A2D76D5CF2 /* [CP] Embed Pods Frameworks */ = {
			isa = PBXShellScriptBuildPhase;
			buildActionMask = 2147483647;
			files = (
			);
			inputFileListPaths = (
				"${PODS_ROOT}/Target Support Files/Pods-RxSwiftPractice/Pods-RxSwiftPractice-frameworks-${CONFIGURATION}-input-files.xcfilelist",
			);
			name = "[CP] Embed Pods Frameworks";
			outputFileListPaths = (
				"${PODS_ROOT}/Target Support Files/Pods-RxSwiftPractice/Pods-RxSwiftPractice-frameworks-${CONFIGURATION}-output-files.xcfilelist",
			);
			runOnlyForDeploymentPostprocessing = 0;
			shellPath = /bin/sh;
			shellScript = "\"${PODS_ROOT}/Target Support Files/Pods-RxSwiftPractice/Pods-RxSwiftPractice-frameworks.sh\"\n";
			showEnvVarsInLog = 0;
		};
		F8663538BDDE3A0DB294DB22 /* [CP] Embed Pods Frameworks */ = {
			isa = PBXShellScriptBuildPhase;
			buildActionMask = 2147483647;
			files = (
			);
			inputFileListPaths = (
				"${PODS_ROOT}/Target Support Files/Pods-RxSwiftPractice-RxSwiftPracticeUITests/Pods-RxSwiftPractice-RxSwiftPracticeUITests-frameworks-${CONFIGURATION}-input-files.xcfilelist",
			);
			name = "[CP] Embed Pods Frameworks";
			outputFileListPaths = (
				"${PODS_ROOT}/Target Support Files/Pods-RxSwiftPractice-RxSwiftPracticeUITests/Pods-RxSwiftPractice-RxSwiftPracticeUITests-frameworks-${CONFIGURATION}-output-files.xcfilelist",
			);
			runOnlyForDeploymentPostprocessing = 0;
			shellPath = /bin/sh;
			shellScript = "\"${PODS_ROOT}/Target Support Files/Pods-RxSwiftPractice-RxSwiftPracticeUITests/Pods-RxSwiftPractice-RxSwiftPracticeUITests-frameworks.sh\"\n";
			showEnvVarsInLog = 0;
		};
/* End PBXShellScriptBuildPhase section */

/* Begin PBXSourcesBuildPhase section */
		664E094228F1993900C39AE8 /* Sources */ = {
			isa = PBXSourcesBuildPhase;
			buildActionMask = 2147483647;
			files = (
				664E094E28F1993900C39AE8 /* ViewController.swift in Sources */,
				664E094A28F1993900C39AE8 /* AppDelegate.swift in Sources */,
				664E094C28F1993900C39AE8 /* SceneDelegate.swift in Sources */,
			);
			runOnlyForDeploymentPostprocessing = 0;
		};
		664E095828F1993A00C39AE8 /* Sources */ = {
			isa = PBXSourcesBuildPhase;
			buildActionMask = 2147483647;
			files = (
				664E096128F1993A00C39AE8 /* RxSwiftPracticeTests.swift in Sources */,
			);
			runOnlyForDeploymentPostprocessing = 0;
		};
		664E096228F1993A00C39AE8 /* Sources */ = {
			isa = PBXSourcesBuildPhase;
			buildActionMask = 2147483647;
			files = (
				664E096B28F1993A00C39AE8 /* RxSwiftPracticeUITests.swift in Sources */,
				664E096D28F1993A00C39AE8 /* RxSwiftPracticeUITestsLaunchTests.swift in Sources */,
			);
			runOnlyForDeploymentPostprocessing = 0;
		};
/* End PBXSourcesBuildPhase section */

/* Begin PBXTargetDependency section */
		664E095E28F1993A00C39AE8 /* PBXTargetDependency */ = {
			isa = PBXTargetDependency;
			target = 664E094528F1993900C39AE8 /* RxSwiftPractice */;
			targetProxy = 664E095D28F1993A00C39AE8 /* PBXContainerItemProxy */;
		};
		664E096828F1993A00C39AE8 /* PBXTargetDependency */ = {
			isa = PBXTargetDependency;
			target = 664E094528F1993900C39AE8 /* RxSwiftPractice */;
			targetProxy = 664E096728F1993A00C39AE8 /* PBXContainerItemProxy */;
		};
/* End PBXTargetDependency section */

/* Begin PBXVariantGroup section */
		664E094F28F1993900C39AE8 /* Main.storyboard */ = {
			isa = PBXVariantGroup;
			children = (
				664E095028F1993900C39AE8 /* Base */,
			);
			name = Main.storyboard;
			sourceTree = "<group>";
		};
		664E095428F1993A00C39AE8 /* LaunchScreen.storyboard */ = {
			isa = PBXVariantGroup;
			children = (
				664E095528F1993A00C39AE8 /* Base */,
			);
			name = LaunchScreen.storyboard;
			sourceTree = "<group>";
		};
/* End PBXVariantGroup section */

/* Begin XCBuildConfiguration section */
		664E096E28F1993A00C39AE8 /* Debug */ = {
			isa = XCBuildConfiguration;
			buildSettings = {
				ALWAYS_SEARCH_USER_PATHS = NO;
				CLANG_ANALYZER_NONNULL = YES;
				CLANG_ANALYZER_NUMBER_OBJECT_CONVERSION = YES_AGGRESSIVE;
				CLANG_CXX_LANGUAGE_STANDARD = "gnu++20";
				CLANG_ENABLE_MODULES = YES;
				CLANG_ENABLE_OBJC_ARC = YES;
				CLANG_ENABLE_OBJC_WEAK = YES;
				CLANG_WARN_BLOCK_CAPTURE_AUTORELEASING = YES;
				CLANG_WARN_BOOL_CONVERSION = YES;
				CLANG_WARN_COMMA = YES;
				CLANG_WARN_CONSTANT_CONVERSION = YES;
				CLANG_WARN_DEPRECATED_OBJC_IMPLEMENTATIONS = YES;
				CLANG_WARN_DIRECT_OBJC_ISA_USAGE = YES_ERROR;
				CLANG_WARN_DOCUMENTATION_COMMENTS = YES;
				CLANG_WARN_EMPTY_BODY = YES;
				CLANG_WARN_ENUM_CONVERSION = YES;
				CLANG_WARN_INFINITE_RECURSION = YES;
				CLANG_WARN_INT_CONVERSION = YES;
				CLANG_WARN_NON_LITERAL_NULL_CONVERSION = YES;
				CLANG_WARN_OBJC_IMPLICIT_RETAIN_SELF = YES;
				CLANG_WARN_OBJC_LITERAL_CONVERSION = YES;
				CLANG_WARN_OBJC_ROOT_CLASS = YES_ERROR;
				CLANG_WARN_QUOTED_INCLUDE_IN_FRAMEWORK_HEADER = YES;
				CLANG_WARN_RANGE_LOOP_ANALYSIS = YES;
				CLANG_WARN_STRICT_PROTOTYPES = YES;
				CLANG_WARN_SUSPICIOUS_MOVE = YES;
				CLANG_WARN_UNGUARDED_AVAILABILITY = YES_AGGRESSIVE;
				CLANG_WARN_UNREACHABLE_CODE = YES;
				CLANG_WARN__DUPLICATE_METHOD_MATCH = YES;
				COPY_PHASE_STRIP = NO;
				DEBUG_INFORMATION_FORMAT = dwarf;
				ENABLE_STRICT_OBJC_MSGSEND = YES;
				ENABLE_TESTABILITY = YES;
				GCC_C_LANGUAGE_STANDARD = gnu11;
				GCC_DYNAMIC_NO_PIC = NO;
				GCC_NO_COMMON_BLOCKS = YES;
				GCC_OPTIMIZATION_LEVEL = 0;
				GCC_PREPROCESSOR_DEFINITIONS = (
					"DEBUG=1",
					"$(inherited)",
				);
				GCC_WARN_64_TO_32_BIT_CONVERSION = YES;
				GCC_WARN_ABOUT_RETURN_TYPE = YES_ERROR;
				GCC_WARN_UNDECLARED_SELECTOR = YES;
				GCC_WARN_UNINITIALIZED_AUTOS = YES_AGGRESSIVE;
				GCC_WARN_UNUSED_FUNCTION = YES;
				GCC_WARN_UNUSED_VARIABLE = YES;
				IPHONEOS_DEPLOYMENT_TARGET = 16.0;
				MTL_ENABLE_DEBUG_INFO = INCLUDE_SOURCE;
				MTL_FAST_MATH = YES;
				ONLY_ACTIVE_ARCH = YES;
				SDKROOT = iphoneos;
				SWIFT_ACTIVE_COMPILATION_CONDITIONS = DEBUG;
				SWIFT_OPTIMIZATION_LEVEL = "-Onone";
			};
			name = Debug;
		};
		664E096F28F1993A00C39AE8 /* Release */ = {
			isa = XCBuildConfiguration;
			buildSettings = {
				ALWAYS_SEARCH_USER_PATHS = NO;
				CLANG_ANALYZER_NONNULL = YES;
				CLANG_ANALYZER_NUMBER_OBJECT_CONVERSION = YES_AGGRESSIVE;
				CLANG_CXX_LANGUAGE_STANDARD = "gnu++20";
				CLANG_ENABLE_MODULES = YES;
				CLANG_ENABLE_OBJC_ARC = YES;
				CLANG_ENABLE_OBJC_WEAK = YES;
				CLANG_WARN_BLOCK_CAPTURE_AUTORELEASING = YES;
				CLANG_WARN_BOOL_CONVERSION = YES;
				CLANG_WARN_COMMA = YES;
				CLANG_WARN_CONSTANT_CONVERSION = YES;
				CLANG_WARN_DEPRECATED_OBJC_IMPLEMENTATIONS = YES;
				CLANG_WARN_DIRECT_OBJC_ISA_USAGE = YES_ERROR;
				CLANG_WARN_DOCUMENTATION_COMMENTS = YES;
				CLANG_WARN_EMPTY_BODY = YES;
				CLANG_WARN_ENUM_CONVERSION = YES;
				CLANG_WARN_INFINITE_RECURSION = YES;
				CLANG_WARN_INT_CONVERSION = YES;
				CLANG_WARN_NON_LITERAL_NULL_CONVERSION = YES;
				CLANG_WARN_OBJC_IMPLICIT_RETAIN_SELF = YES;
				CLANG_WARN_OBJC_LITERAL_CONVERSION = YES;
				CLANG_WARN_OBJC_ROOT_CLASS = YES_ERROR;
				CLANG_WARN_QUOTED_INCLUDE_IN_FRAMEWORK_HEADER = YES;
				CLANG_WARN_RANGE_LOOP_ANALYSIS = YES;
				CLANG_WARN_STRICT_PROTOTYPES = YES;
				CLANG_WARN_SUSPICIOUS_MOVE = YES;
				CLANG_WARN_UNGUARDED_AVAILABILITY = YES_AGGRESSIVE;
				CLANG_WARN_UNREACHABLE_CODE = YES;
				CLANG_WARN__DUPLICATE_METHOD_MATCH = YES;
				COPY_PHASE_STRIP = NO;
				DEBUG_INFORMATION_FORMAT = "dwarf-with-dsym";
				ENABLE_NS_ASSERTIONS = NO;
				ENABLE_STRICT_OBJC_MSGSEND = YES;
				GCC_C_LANGUAGE_STANDARD = gnu11;
				GCC_NO_COMMON_BLOCKS = YES;
				GCC_WARN_64_TO_32_BIT_CONVERSION = YES;
				GCC_WARN_ABOUT_RETURN_TYPE = YES_ERROR;
				GCC_WARN_UNDECLARED_SELECTOR = YES;
				GCC_WARN_UNINITIALIZED_AUTOS = YES_AGGRESSIVE;
				GCC_WARN_UNUSED_FUNCTION = YES;
				GCC_WARN_UNUSED_VARIABLE = YES;
				IPHONEOS_DEPLOYMENT_TARGET = 16.0;
				MTL_ENABLE_DEBUG_INFO = NO;
				MTL_FAST_MATH = YES;
				SDKROOT = iphoneos;
				SWIFT_COMPILATION_MODE = wholemodule;
				SWIFT_OPTIMIZATION_LEVEL = "-O";
				VALIDATE_PRODUCT = YES;
			};
			name = Release;
		};
		664E097128F1993A00C39AE8 /* Debug */ = {
			isa = XCBuildConfiguration;
			baseConfigurationReference = 51F1D834F1F1748AF077D199 /* Pods-RxSwiftPractice.debug.xcconfig */;
			buildSettings = {
				ASSETCATALOG_COMPILER_APPICON_NAME = AppIcon;
				ASSETCATALOG_COMPILER_GLOBAL_ACCENT_COLOR_NAME = AccentColor;
				CODE_SIGN_STYLE = Automatic;
				CURRENT_PROJECT_VERSION = 1;
				DEVELOPMENT_TEAM = VW2UR5Y845;
				GENERATE_INFOPLIST_FILE = YES;
				INFOPLIST_FILE = RxSwiftPractice/Info.plist;
				INFOPLIST_KEY_UIApplicationSupportsIndirectInputEvents = YES;
				INFOPLIST_KEY_UILaunchStoryboardName = LaunchScreen;
				INFOPLIST_KEY_UIMainStoryboardFile = Main;
				INFOPLIST_KEY_UISupportedInterfaceOrientations_iPad = "UIInterfaceOrientationPortrait UIInterfaceOrientationPortraitUpsideDown UIInterfaceOrientationLandscapeLeft UIInterfaceOrientationLandscapeRight";
				INFOPLIST_KEY_UISupportedInterfaceOrientations_iPhone = "UIInterfaceOrientationPortrait UIInterfaceOrientationLandscapeLeft UIInterfaceOrientationLandscapeRight";
				LD_RUNPATH_SEARCH_PATHS = (
					"$(inherited)",
					"@executable_path/Frameworks",
				);
				MARKETING_VERSION = 1.0;
				PRODUCT_BUNDLE_IDENTIFIER = com.junhyeok.RxSwiftPractice;
				PRODUCT_NAME = "$(TARGET_NAME)";
				SWIFT_EMIT_LOC_STRINGS = YES;
				SWIFT_VERSION = 5.0;
				TARGETED_DEVICE_FAMILY = "1,2";
			};
			name = Debug;
		};
		664E097228F1993A00C39AE8 /* Release */ = {
			isa = XCBuildConfiguration;
			baseConfigurationReference = E7C4D15D5B45348CED3C0B01 /* Pods-RxSwiftPractice.release.xcconfig */;
			buildSettings = {
				ASSETCATALOG_COMPILER_APPICON_NAME = AppIcon;
				ASSETCATALOG_COMPILER_GLOBAL_ACCENT_COLOR_NAME = AccentColor;
				CODE_SIGN_STYLE = Automatic;
				CURRENT_PROJECT_VERSION = 1;
				DEVELOPMENT_TEAM = VW2UR5Y845;
				GENERATE_INFOPLIST_FILE = YES;
				INFOPLIST_FILE = RxSwiftPractice/Info.plist;
				INFOPLIST_KEY_UIApplicationSupportsIndirectInputEvents = YES;
				INFOPLIST_KEY_UILaunchStoryboardName = LaunchScreen;
				INFOPLIST_KEY_UIMainStoryboardFile = Main;
				INFOPLIST_KEY_UISupportedInterfaceOrientations_iPad = "UIInterfaceOrientationPortrait UIInterfaceOrientationPortraitUpsideDown UIInterfaceOrientationLandscapeLeft UIInterfaceOrientationLandscapeRight";
				INFOPLIST_KEY_UISupportedInterfaceOrientations_iPhone = "UIInterfaceOrientationPortrait UIInterfaceOrientationLandscapeLeft UIInterfaceOrientationLandscapeRight";
				LD_RUNPATH_SEARCH_PATHS = (
					"$(inherited)",
					"@executable_path/Frameworks",
				);
				MARKETING_VERSION = 1.0;
				PRODUCT_BUNDLE_IDENTIFIER = com.junhyeok.RxSwiftPractice;
				PRODUCT_NAME = "$(TARGET_NAME)";
				SWIFT_EMIT_LOC_STRINGS = YES;
				SWIFT_VERSION = 5.0;
				TARGETED_DEVICE_FAMILY = "1,2";
			};
			name = Release;
		};
		664E097428F1993A00C39AE8 /* Debug */ = {
			isa = XCBuildConfiguration;
			baseConfigurationReference = 66F88F4FC4CE31F148C07AD4 /* Pods-RxSwiftPracticeTests.debug.xcconfig */;
			buildSettings = {
				ALWAYS_EMBED_SWIFT_STANDARD_LIBRARIES = YES;
				BUNDLE_LOADER = "$(TEST_HOST)";
				CODE_SIGN_STYLE = Automatic;
				CURRENT_PROJECT_VERSION = 1;
				DEVELOPMENT_TEAM = VW2UR5Y845;
				GENERATE_INFOPLIST_FILE = YES;
				IPHONEOS_DEPLOYMENT_TARGET = 16.0;
				MARKETING_VERSION = 1.0;
				PRODUCT_BUNDLE_IDENTIFIER = com.junhyeok.RxSwiftPracticeTests;
				PRODUCT_NAME = "$(TARGET_NAME)";
				SWIFT_EMIT_LOC_STRINGS = NO;
				SWIFT_VERSION = 5.0;
				TARGETED_DEVICE_FAMILY = "1,2";
				TEST_HOST = "$(BUILT_PRODUCTS_DIR)/RxSwiftPractice.app/$(BUNDLE_EXECUTABLE_FOLDER_PATH)/RxSwiftPractice";
			};
			name = Debug;
		};
		664E097528F1993A00C39AE8 /* Release */ = {
			isa = XCBuildConfiguration;
			baseConfigurationReference = A43E26B8B639DF583A1CE642 /* Pods-RxSwiftPracticeTests.release.xcconfig */;
			buildSettings = {
				ALWAYS_EMBED_SWIFT_STANDARD_LIBRARIES = YES;
				BUNDLE_LOADER = "$(TEST_HOST)";
				CODE_SIGN_STYLE = Automatic;
				CURRENT_PROJECT_VERSION = 1;
				DEVELOPMENT_TEAM = VW2UR5Y845;
				GENERATE_INFOPLIST_FILE = YES;
				IPHONEOS_DEPLOYMENT_TARGET = 16.0;
				MARKETING_VERSION = 1.0;
				PRODUCT_BUNDLE_IDENTIFIER = com.junhyeok.RxSwiftPracticeTests;
				PRODUCT_NAME = "$(TARGET_NAME)";
				SWIFT_EMIT_LOC_STRINGS = NO;
				SWIFT_VERSION = 5.0;
				TARGETED_DEVICE_FAMILY = "1,2";
				TEST_HOST = "$(BUILT_PRODUCTS_DIR)/RxSwiftPractice.app/$(BUNDLE_EXECUTABLE_FOLDER_PATH)/RxSwiftPractice";
			};
			name = Release;
		};
		664E097728F1993A00C39AE8 /* Debug */ = {
			isa = XCBuildConfiguration;
			baseConfigurationReference = F1EA1B3B06CE0A6BB1548AD2 /* Pods-RxSwiftPractice-RxSwiftPracticeUITests.debug.xcconfig */;
			buildSettings = {
				ALWAYS_EMBED_SWIFT_STANDARD_LIBRARIES = YES;
				CODE_SIGN_STYLE = Automatic;
				CURRENT_PROJECT_VERSION = 1;
				DEVELOPMENT_TEAM = VW2UR5Y845;
				GENERATE_INFOPLIST_FILE = YES;
				MARKETING_VERSION = 1.0;
				PRODUCT_BUNDLE_IDENTIFIER = com.junhyeok.RxSwiftPracticeUITests;
				PRODUCT_NAME = "$(TARGET_NAME)";
				SWIFT_EMIT_LOC_STRINGS = NO;
				SWIFT_VERSION = 5.0;
				TARGETED_DEVICE_FAMILY = "1,2";
				TEST_TARGET_NAME = RxSwiftPractice;
			};
			name = Debug;
		};
		664E097828F1993A00C39AE8 /* Release */ = {
			isa = XCBuildConfiguration;
			baseConfigurationReference = EE91496CBCD993FFA32DC081 /* Pods-RxSwiftPractice-RxSwiftPracticeUITests.release.xcconfig */;
			buildSettings = {
				ALWAYS_EMBED_SWIFT_STANDARD_LIBRARIES = YES;
				CODE_SIGN_STYLE = Automatic;
				CURRENT_PROJECT_VERSION = 1;
				DEVELOPMENT_TEAM = VW2UR5Y845;
				GENERATE_INFOPLIST_FILE = YES;
				MARKETING_VERSION = 1.0;
				PRODUCT_BUNDLE_IDENTIFIER = com.junhyeok.RxSwiftPracticeUITests;
				PRODUCT_NAME = "$(TARGET_NAME)";
				SWIFT_EMIT_LOC_STRINGS = NO;
				SWIFT_VERSION = 5.0;
				TARGETED_DEVICE_FAMILY = "1,2";
				TEST_TARGET_NAME = RxSwiftPractice;
			};
			name = Release;
		};
/* End XCBuildConfiguration section */

/* Begin XCConfigurationList section */
		664E094128F1993900C39AE8 /* Build configuration list for PBXProject "RxSwiftPractice" */ = {
			isa = XCConfigurationList;
			buildConfigurations = (
				664E096E28F1993A00C39AE8 /* Debug */,
				664E096F28F1993A00C39AE8 /* Release */,
			);
			defaultConfigurationIsVisible = 0;
			defaultConfigurationName = Release;
		};
		664E097028F1993A00C39AE8 /* Build configuration list for PBXNativeTarget "RxSwiftPractice" */ = {
			isa = XCConfigurationList;
			buildConfigurations = (
				664E097128F1993A00C39AE8 /* Debug */,
				664E097228F1993A00C39AE8 /* Release */,
			);
			defaultConfigurationIsVisible = 0;
			defaultConfigurationName = Release;
		};
		664E097328F1993A00C39AE8 /* Build configuration list for PBXNativeTarget "RxSwiftPracticeTests" */ = {
			isa = XCConfigurationList;
			buildConfigurations = (
				664E097428F1993A00C39AE8 /* Debug */,
				664E097528F1993A00C39AE8 /* Release */,
			);
			defaultConfigurationIsVisible = 0;
			defaultConfigurationName = Release;
		};
		664E097628F1993A00C39AE8 /* Build configuration list for PBXNativeTarget "RxSwiftPracticeUITests" */ = {
			isa = XCConfigurationList;
			buildConfigurations = (
				664E097728F1993A00C39AE8 /* Debug */,
				664E097828F1993A00C39AE8 /* Release */,
			);
			defaultConfigurationIsVisible = 0;
			defaultConfigurationName = Release;
		};
/* End XCConfigurationList section */
	};
	rootObject = 664E093E28F1993900C39AE8 /* Project object */;
}
