// !$*UTF8*$!
{
	archiveVersion = 1;
	classes = {
	};
	objectVersion = 56;
	objects = {

/* Begin PBXBuildFile section */
		66E5D5682941F77A005E4D5C /* AppDelegate.swift in Sources */ = {isa = PBXBuildFile; fileRef = 66E5D5672941F77A005E4D5C /* AppDelegate.swift */; };
		66E5D56A2941F77A005E4D5C /* SceneDelegate.swift in Sources */ = {isa = PBXBuildFile; fileRef = 66E5D5692941F77A005E4D5C /* SceneDelegate.swift */; };
		66E5D56C2941F77A005E4D5C /* MainViewController.swift in Sources */ = {isa = PBXBuildFile; fileRef = 66E5D56B2941F77A005E4D5C /* MainViewController.swift */; };
		66E5D5712941F77B005E4D5C /* Assets.xcassets in Resources */ = {isa = PBXBuildFile; fileRef = 66E5D5702941F77B005E4D5C /* Assets.xcassets */; };
		66E5D5742941F77B005E4D5C /* LaunchScreen.storyboard in Resources */ = {isa = PBXBuildFile; fileRef = 66E5D5722941F77B005E4D5C /* LaunchScreen.storyboard */; };
		66E5D5822941F83B005E4D5C /* PlayerViewModel.swift in Sources */ = {isa = PBXBuildFile; fileRef = 66E5D5812941F83B005E4D5C /* PlayerViewModel.swift */; };
		66E5D5842941F840005E4D5C /* PlayerView.swift in Sources */ = {isa = PBXBuildFile; fileRef = 66E5D5832941F840005E4D5C /* PlayerView.swift */; };
		66E5D5862941F844005E4D5C /* MainModels.swift in Sources */ = {isa = PBXBuildFile; fileRef = 66E5D5852941F844005E4D5C /* MainModels.swift */; };
		66E5D5892941F9D0005E4D5C /* SnapKit in Frameworks */ = {isa = PBXBuildFile; productRef = 66E5D5882941F9D0005E4D5C /* SnapKit */; };
/* End PBXBuildFile section */

/* Begin PBXFileReference section */
		66E5D5642941F77A005E4D5C /* MVVM_study1.app */ = {isa = PBXFileReference; explicitFileType = wrapper.application; includeInIndex = 0; path = MVVM_study1.app; sourceTree = BUILT_PRODUCTS_DIR; };
		66E5D5672941F77A005E4D5C /* AppDelegate.swift */ = {isa = PBXFileReference; lastKnownFileType = sourcecode.swift; path = AppDelegate.swift; sourceTree = "<group>"; };
		66E5D5692941F77A005E4D5C /* SceneDelegate.swift */ = {isa = PBXFileReference; lastKnownFileType = sourcecode.swift; path = SceneDelegate.swift; sourceTree = "<group>"; };
		66E5D56B2941F77A005E4D5C /* MainViewController.swift */ = {isa = PBXFileReference; lastKnownFileType = sourcecode.swift; path = MainViewController.swift; sourceTree = "<group>"; };
		66E5D5702941F77B005E4D5C /* Assets.xcassets */ = {isa = PBXFileReference; lastKnownFileType = folder.assetcatalog; path = Assets.xcassets; sourceTree = "<group>"; };
		66E5D5732941F77B005E4D5C /* Base */ = {isa = PBXFileReference; lastKnownFileType = file.storyboard; name = Base; path = Base.lproj/LaunchScreen.storyboard; sourceTree = "<group>"; };
		66E5D5752941F77B005E4D5C /* Info.plist */ = {isa = PBXFileReference; lastKnownFileType = text.plist.xml; path = Info.plist; sourceTree = "<group>"; };
		66E5D5812941F83B005E4D5C /* PlayerViewModel.swift */ = {isa = PBXFileReference; lastKnownFileType = sourcecode.swift; path = PlayerViewModel.swift; sourceTree = "<group>"; };
		66E5D5832941F840005E4D5C /* PlayerView.swift */ = {isa = PBXFileReference; lastKnownFileType = sourcecode.swift; path = PlayerView.swift; sourceTree = "<group>"; };
		66E5D5852941F844005E4D5C /* MainModels.swift */ = {isa = PBXFileReference; lastKnownFileType = sourcecode.swift; path = MainModels.swift; sourceTree = "<group>"; };
/* End PBXFileReference section */

/* Begin PBXFrameworksBuildPhase section */
		66E5D5612941F77A005E4D5C /* Frameworks */ = {
			isa = PBXFrameworksBuildPhase;
			buildActionMask = 2147483647;
			files = (
				66E5D5892941F9D0005E4D5C /* SnapKit in Frameworks */,
			);
			runOnlyForDeploymentPostprocessing = 0;
		};
/* End PBXFrameworksBuildPhase section */

/* Begin PBXGroup section */
		66E5D55B2941F77A005E4D5C = {
			isa = PBXGroup;
			children = (
				66E5D5662941F77A005E4D5C /* MVVM_study1 */,
				66E5D5652941F77A005E4D5C /* Products */,
			);
			sourceTree = "<group>";
		};
		66E5D5652941F77A005E4D5C /* Products */ = {
			isa = PBXGroup;
			children = (
				66E5D5642941F77A005E4D5C /* MVVM_study1.app */,
			);
			name = Products;
			sourceTree = "<group>";
		};
		66E5D5662941F77A005E4D5C /* MVVM_study1 */ = {
			isa = PBXGroup;
			children = (
				66E5D5802941F82A005E4D5C /* AppDelegate */,
				66E5D57E2941F815005E4D5C /* Models */,
				66E5D57D2941F810005E4D5C /* Views */,
				66E5D57F2941F821005E4D5C /* ViewModels */,
				66E5D57C2941F804005E4D5C /* ViewControllers */,
				66E5D5702941F77B005E4D5C /* Assets.xcassets */,
				66E5D5722941F77B005E4D5C /* LaunchScreen.storyboard */,
				66E5D5752941F77B005E4D5C /* Info.plist */,
			);
			path = MVVM_study1;
			sourceTree = "<group>";
		};
		66E5D57C2941F804005E4D5C /* ViewControllers */ = {
			isa = PBXGroup;
			children = (
				66E5D56B2941F77A005E4D5C /* MainViewController.swift */,
			);
			path = ViewControllers;
			sourceTree = "<group>";
		};
		66E5D57D2941F810005E4D5C /* Views */ = {
			isa = PBXGroup;
			children = (
				66E5D5832941F840005E4D5C /* PlayerView.swift */,
			);
			path = Views;
			sourceTree = "<group>";
		};
		66E5D57E2941F815005E4D5C /* Models */ = {
			isa = PBXGroup;
			children = (
				66E5D5852941F844005E4D5C /* MainModels.swift */,
			);
			path = Models;
			sourceTree = "<group>";
		};
		66E5D57F2941F821005E4D5C /* ViewModels */ = {
			isa = PBXGroup;
			children = (
				66E5D5812941F83B005E4D5C /* PlayerViewModel.swift */,
			);
			path = ViewModels;
			sourceTree = "<group>";
		};
		66E5D5802941F82A005E4D5C /* AppDelegate */ = {
			isa = PBXGroup;
			children = (
				66E5D5672941F77A005E4D5C /* AppDelegate.swift */,
				66E5D5692941F77A005E4D5C /* SceneDelegate.swift */,
			);
			path = AppDelegate;
			sourceTree = "<group>";
		};
/* End PBXGroup section */

/* Begin PBXNativeTarget section */
		66E5D5632941F77A005E4D5C /* MVVM_study1 */ = {
			isa = PBXNativeTarget;
			buildConfigurationList = 66E5D5782941F77B005E4D5C /* Build configuration list for PBXNativeTarget "MVVM_study1" */;
			buildPhases = (
				66E5D5602941F77A005E4D5C /* Sources */,
				66E5D5612941F77A005E4D5C /* Frameworks */,
				66E5D5622941F77A005E4D5C /* Resources */,
			);
			buildRules = (
			);
			dependencies = (
			);
			name = MVVM_study1;
			packageProductDependencies = (
				66E5D5882941F9D0005E4D5C /* SnapKit */,
			);
			productName = MVVM_study1;
			productReference = 66E5D5642941F77A005E4D5C /* MVVM_study1.app */;
			productType = "com.apple.product-type.application";
		};
/* End PBXNativeTarget section */

/* Begin PBXProject section */
		66E5D55C2941F77A005E4D5C /* Project object */ = {
			isa = PBXProject;
			attributes = {
				BuildIndependentTargetsInParallel = 1;
				LastSwiftUpdateCheck = 1410;
				LastUpgradeCheck = 1410;
				TargetAttributes = {
					66E5D5632941F77A005E4D5C = {
						CreatedOnToolsVersion = 14.1;
					};
				};
			};
			buildConfigurationList = 66E5D55F2941F77A005E4D5C /* Build configuration list for PBXProject "MVVM_study1" */;
			compatibilityVersion = "Xcode 14.0";
			developmentRegion = en;
			hasScannedForEncodings = 0;
			knownRegions = (
				en,
				Base,
			);
			mainGroup = 66E5D55B2941F77A005E4D5C;
			packageReferences = (
				66E5D5872941F9D0005E4D5C /* XCRemoteSwiftPackageReference "SnapKit" */,
			);
			productRefGroup = 66E5D5652941F77A005E4D5C /* Products */;
			projectDirPath = "";
			projectRoot = "";
			targets = (
				66E5D5632941F77A005E4D5C /* MVVM_study1 */,
			);
		};
/* End PBXProject section */

/* Begin PBXResourcesBuildPhase section */
		66E5D5622941F77A005E4D5C /* Resources */ = {
			isa = PBXResourcesBuildPhase;
			buildActionMask = 2147483647;
			files = (
				66E5D5742941F77B005E4D5C /* LaunchScreen.storyboard in Resources */,
				66E5D5712941F77B005E4D5C /* Assets.xcassets in Resources */,
			);
			runOnlyForDeploymentPostprocessing = 0;
		};
/* End PBXResourcesBuildPhase section */

/* Begin PBXSourcesBuildPhase section */
		66E5D5602941F77A005E4D5C /* Sources */ = {
			isa = PBXSourcesBuildPhase;
			buildActionMask = 2147483647;
			files = (
				66E5D56C2941F77A005E4D5C /* MainViewController.swift in Sources */,
				66E5D5682941F77A005E4D5C /* AppDelegate.swift in Sources */,
				66E5D5862941F844005E4D5C /* MainModels.swift in Sources */,
				66E5D56A2941F77A005E4D5C /* SceneDelegate.swift in Sources */,
				66E5D5842941F840005E4D5C /* PlayerView.swift in Sources */,
				66E5D5822941F83B005E4D5C /* PlayerViewModel.swift in Sources */,
			);
			runOnlyForDeploymentPostprocessing = 0;
		};
/* End PBXSourcesBuildPhase section */

/* Begin PBXVariantGroup section */
		66E5D5722941F77B005E4D5C /* LaunchScreen.storyboard */ = {
			isa = PBXVariantGroup;
			children = (
				66E5D5732941F77B005E4D5C /* Base */,
			);
			name = LaunchScreen.storyboard;
			sourceTree = "<group>";
		};
/* End PBXVariantGroup section */

/* Begin XCBuildConfiguration section */
		66E5D5762941F77B005E4D5C /* Debug */ = {
			isa = XCBuildConfiguration;
			buildSettings = {
				ALWAYS_SEARCH_USER_PATHS = NO;
				CLANG_ANALYZER_NONNULL = YES;
				CLANG_ANALYZER_NUMBER_OBJECT_CONVERSION = YES_AGGRESSIVE;
				CLANG_CXX_LANGUAGE_STANDARD = "gnu++20";
				CLANG_ENABLE_MODULES = YES;
				CLANG_ENABLE_OBJC_ARC = YES;
				CLANG_ENABLE_OBJC_WEAK = YES;
				CLANG_WARN_BLOCK_CAPTURE_AUTORELEASING = YES;
				CLANG_WARN_BOOL_CONVERSION = YES;
				CLANG_WARN_COMMA = YES;
				CLANG_WARN_CONSTANT_CONVERSION = YES;
				CLANG_WARN_DEPRECATED_OBJC_IMPLEMENTATIONS = YES;
				CLANG_WARN_DIRECT_OBJC_ISA_USAGE = YES_ERROR;
				CLANG_WARN_DOCUMENTATION_COMMENTS = YES;
				CLANG_WARN_EMPTY_BODY = YES;
				CLANG_WARN_ENUM_CONVERSION = YES;
				CLANG_WARN_INFINITE_RECURSION = YES;
				CLANG_WARN_INT_CONVERSION = YES;
				CLANG_WARN_NON_LITERAL_NULL_CONVERSION = YES;
				CLANG_WARN_OBJC_IMPLICIT_RETAIN_SELF = YES;
				CLANG_WARN_OBJC_LITERAL_CONVERSION = YES;
				CLANG_WARN_OBJC_ROOT_CLASS = YES_ERROR;
				CLANG_WARN_QUOTED_INCLUDE_IN_FRAMEWORK_HEADER = YES;
				CLANG_WARN_RANGE_LOOP_ANALYSIS = YES;
				CLANG_WARN_STRICT_PROTOTYPES = YES;
				CLANG_WARN_SUSPICIOUS_MOVE = YES;
				CLANG_WARN_UNGUARDED_AVAILABILITY = YES_AGGRESSIVE;
				CLANG_WARN_UNREACHABLE_CODE = YES;
				CLANG_WARN__DUPLICATE_METHOD_MATCH = YES;
				COPY_PHASE_STRIP = NO;
				DEBUG_INFORMATION_FORMAT = dwarf;
				ENABLE_STRICT_OBJC_MSGSEND = YES;
				ENABLE_TESTABILITY = YES;
				GCC_C_LANGUAGE_STANDARD = gnu11;
				GCC_DYNAMIC_NO_PIC = NO;
				GCC_NO_COMMON_BLOCKS = YES;
				GCC_OPTIMIZATION_LEVEL = 0;
				GCC_PREPROCESSOR_DEFINITIONS = (
					"DEBUG=1",
					"$(inherited)",
				);
				GCC_WARN_64_TO_32_BIT_CONVERSION = YES;
				GCC_WARN_ABOUT_RETURN_TYPE = YES_ERROR;
				GCC_WARN_UNDECLARED_SELECTOR = YES;
				GCC_WARN_UNINITIALIZED_AUTOS = YES_AGGRESSIVE;
				GCC_WARN_UNUSED_FUNCTION = YES;
				GCC_WARN_UNUSED_VARIABLE = YES;
				IPHONEOS_DEPLOYMENT_TARGET = 16.1;
				MTL_ENABLE_DEBUG_INFO = INCLUDE_SOURCE;
				MTL_FAST_MATH = YES;
				ONLY_ACTIVE_ARCH = YES;
				SDKROOT = iphoneos;
				SWIFT_ACTIVE_COMPILATION_CONDITIONS = DEBUG;
				SWIFT_OPTIMIZATION_LEVEL = "-Onone";
			};
			name = Debug;
		};
		66E5D5772941F77B005E4D5C /* Release */ = {
			isa = XCBuildConfiguration;
			buildSettings = {
				ALWAYS_SEARCH_USER_PATHS = NO;
				CLANG_ANALYZER_NONNULL = YES;
				CLANG_ANALYZER_NUMBER_OBJECT_CONVERSION = YES_AGGRESSIVE;
				CLANG_CXX_LANGUAGE_STANDARD = "gnu++20";
				CLANG_ENABLE_MODULES = YES;
				CLANG_ENABLE_OBJC_ARC = YES;
				CLANG_ENABLE_OBJC_WEAK = YES;
				CLANG_WARN_BLOCK_CAPTURE_AUTORELEASING = YES;
				CLANG_WARN_BOOL_CONVERSION = YES;
				CLANG_WARN_COMMA = YES;
				CLANG_WARN_CONSTANT_CONVERSION = YES;
				CLANG_WARN_DEPRECATED_OBJC_IMPLEMENTATIONS = YES;
				CLANG_WARN_DIRECT_OBJC_ISA_USAGE = YES_ERROR;
				CLANG_WARN_DOCUMENTATION_COMMENTS = YES;
				CLANG_WARN_EMPTY_BODY = YES;
				CLANG_WARN_ENUM_CONVERSION = YES;
				CLANG_WARN_INFINITE_RECURSION = YES;
				CLANG_WARN_INT_CONVERSION = YES;
				CLANG_WARN_NON_LITERAL_NULL_CONVERSION = YES;
				CLANG_WARN_OBJC_IMPLICIT_RETAIN_SELF = YES;
				CLANG_WARN_OBJC_LITERAL_CONVERSION = YES;
				CLANG_WARN_OBJC_ROOT_CLASS = YES_ERROR;
				CLANG_WARN_QUOTED_INCLUDE_IN_FRAMEWORK_HEADER = YES;
				CLANG_WARN_RANGE_LOOP_ANALYSIS = YES;
				CLANG_WARN_STRICT_PROTOTYPES = YES;
				CLANG_WARN_SUSPICIOUS_MOVE = YES;
				CLANG_WARN_UNGUARDED_AVAILABILITY = YES_AGGRESSIVE;
				CLANG_WARN_UNREACHABLE_CODE = YES;
				CLANG_WARN__DUPLICATE_METHOD_MATCH = YES;
				COPY_PHASE_STRIP = NO;
				DEBUG_INFORMATION_FORMAT = "dwarf-with-dsym";
				ENABLE_NS_ASSERTIONS = NO;
				ENABLE_STRICT_OBJC_MSGSEND = YES;
				GCC_C_LANGUAGE_STANDARD = gnu11;
				GCC_NO_COMMON_BLOCKS = YES;
				GCC_WARN_64_TO_32_BIT_CONVERSION = YES;
				GCC_WARN_ABOUT_RETURN_TYPE = YES_ERROR;
				GCC_WARN_UNDECLARED_SELECTOR = YES;
				GCC_WARN_UNINITIALIZED_AUTOS = YES_AGGRESSIVE;
				GCC_WARN_UNUSED_FUNCTION = YES;
				GCC_WARN_UNUSED_VARIABLE = YES;
				IPHONEOS_DEPLOYMENT_TARGET = 16.1;
				MTL_ENABLE_DEBUG_INFO = NO;
				MTL_FAST_MATH = YES;
				SDKROOT = iphoneos;
				SWIFT_COMPILATION_MODE = wholemodule;
				SWIFT_OPTIMIZATION_LEVEL = "-O";
				VALIDATE_PRODUCT = YES;
			};
			name = Release;
		};
		66E5D5792941F77B005E4D5C /* Debug */ = {
			isa = XCBuildConfiguration;
			buildSettings = {
				ASSETCATALOG_COMPILER_APPICON_NAME = AppIcon;
				ASSETCATALOG_COMPILER_GLOBAL_ACCENT_COLOR_NAME = AccentColor;
				CODE_SIGN_STYLE = Automatic;
				CURRENT_PROJECT_VERSION = 1;
				DEVELOPMENT_TEAM = VW2UR5Y845;
				GENERATE_INFOPLIST_FILE = YES;
				INFOPLIST_FILE = MVVM_study1/Info.plist;
				INFOPLIST_KEY_UIApplicationSupportsIndirectInputEvents = YES;
				INFOPLIST_KEY_UILaunchStoryboardName = LaunchScreen;
				INFOPLIST_KEY_UISupportedInterfaceOrientations_iPad = "UIInterfaceOrientationPortrait UIInterfaceOrientationPortraitUpsideDown UIInterfaceOrientationLandscapeLeft UIInterfaceOrientationLandscapeRight";
				INFOPLIST_KEY_UISupportedInterfaceOrientations_iPhone = "UIInterfaceOrientationPortrait UIInterfaceOrientationLandscapeLeft UIInterfaceOrientationLandscapeRight";
				LD_RUNPATH_SEARCH_PATHS = (
					"$(inherited)",
					"@executable_path/Frameworks",
				);
				MARKETING_VERSION = 1.0;
				PRODUCT_BUNDLE_IDENTIFIER = "com.junhyeok.MVVM-study1";
				PRODUCT_NAME = "$(TARGET_NAME)";
				SWIFT_EMIT_LOC_STRINGS = YES;
				SWIFT_VERSION = 5.0;
				TARGETED_DEVICE_FAMILY = "1,2";
			};
			name = Debug;
		};
		66E5D57A2941F77B005E4D5C /* Release */ = {
			isa = XCBuildConfiguration;
			buildSettings = {
				ASSETCATALOG_COMPILER_APPICON_NAME = AppIcon;
				ASSETCATALOG_COMPILER_GLOBAL_ACCENT_COLOR_NAME = AccentColor;
				CODE_SIGN_STYLE = Automatic;
				CURRENT_PROJECT_VERSION = 1;
				DEVELOPMENT_TEAM = VW2UR5Y845;
				GENERATE_INFOPLIST_FILE = YES;
				INFOPLIST_FILE = MVVM_study1/Info.plist;
				INFOPLIST_KEY_UIApplicationSupportsIndirectInputEvents = YES;
				INFOPLIST_KEY_UILaunchStoryboardName = LaunchScreen;
				INFOPLIST_KEY_UISupportedInterfaceOrientations_iPad = "UIInterfaceOrientationPortrait UIInterfaceOrientationPortraitUpsideDown UIInterfaceOrientationLandscapeLeft UIInterfaceOrientationLandscapeRight";
				INFOPLIST_KEY_UISupportedInterfaceOrientations_iPhone = "UIInterfaceOrientationPortrait UIInterfaceOrientationLandscapeLeft UIInterfaceOrientationLandscapeRight";
				LD_RUNPATH_SEARCH_PATHS = (
					"$(inherited)",
					"@executable_path/Frameworks",
				);
				MARKETING_VERSION = 1.0;
				PRODUCT_BUNDLE_IDENTIFIER = "com.junhyeok.MVVM-study1";
				PRODUCT_NAME = "$(TARGET_NAME)";
				SWIFT_EMIT_LOC_STRINGS = YES;
				SWIFT_VERSION = 5.0;
				TARGETED_DEVICE_FAMILY = "1,2";
			};
			name = Release;
		};
/* End XCBuildConfiguration section */

/* Begin XCConfigurationList section */
		66E5D55F2941F77A005E4D5C /* Build configuration list for PBXProject "MVVM_study1" */ = {
			isa = XCConfigurationList;
			buildConfigurations = (
				66E5D5762941F77B005E4D5C /* Debug */,
				66E5D5772941F77B005E4D5C /* Release */,
			);
			defaultConfigurationIsVisible = 0;
			defaultConfigurationName = Release;
		};
		66E5D5782941F77B005E4D5C /* Build configuration list for PBXNativeTarget "MVVM_study1" */ = {
			isa = XCConfigurationList;
			buildConfigurations = (
				66E5D5792941F77B005E4D5C /* Debug */,
				66E5D57A2941F77B005E4D5C /* Release */,
			);
			defaultConfigurationIsVisible = 0;
			defaultConfigurationName = Release;
		};
/* End XCConfigurationList section */

/* Begin XCRemoteSwiftPackageReference section */
		66E5D5872941F9D0005E4D5C /* XCRemoteSwiftPackageReference "SnapKit" */ = {
			isa = XCRemoteSwiftPackageReference;
			repositoryURL = "https://github.com/SnapKit/SnapKit.git";
			requirement = {
				kind = upToNextMinorVersion;
				minimumVersion = 5.6.0;
			};
		};
/* End XCRemoteSwiftPackageReference section */

/* Begin XCSwiftPackageProductDependency section */
		66E5D5882941F9D0005E4D5C /* SnapKit */ = {
			isa = XCSwiftPackageProductDependency;
			package = 66E5D5872941F9D0005E4D5C /* XCRemoteSwiftPackageReference "SnapKit" */;
			productName = SnapKit;
		};
/* End XCSwiftPackageProductDependency section */
	};
	rootObject = 66E5D55C2941F77A005E4D5C /* Project object */;
}
